// !$*UTF8*$!
{
	archiveVersion = 1;
	classes = {
	};
	objectVersion = 46;
	objects = {

/* Begin PBXBuildFile section */
		11A652441F39D78A002E8088 /* ClevoControl.hpp in Headers */ = {isa = PBXBuildFile; fileRef = 11A652431F39D78A002E8088 /* ClevoControl.hpp */; };
		11A652461F39D78A002E8088 /* ClevoControl.cpp in Sources */ = {isa = PBXBuildFile; fileRef = 11A652451F39D78A002E8088 /* ClevoControl.cpp */; };
		11A652541F3A1014002E8088 /* main.cpp in Sources */ = {isa = PBXBuildFile; fileRef = 11A652531F3A1014002E8088 /* main.cpp */; };
		11A6525A1F3A1E18002E8088 /* ECCtrl.h in Headers */ = {isa = PBXBuildFile; fileRef = 11A652591F3A1E18002E8088 /* ECCtrl.h */; };
/* End PBXBuildFile section */

/* Begin PBXCopyFilesBuildPhase section */
		11A6524F1F3A1014002E8088 /* CopyFiles */ = {
			isa = PBXCopyFilesBuildPhase;
			buildActionMask = 2147483647;
			dstPath = /usr/share/man/man1/;
			dstSubfolderSpec = 0;
			files = (
			);
			runOnlyForDeploymentPostprocessing = 1;
		};
/* End PBXCopyFilesBuildPhase section */

/* Begin PBXFileReference section */
		11A652401F39D78A002E8088 /* ClevoControl.kext */ = {isa = PBXFileReference; explicitFileType = wrapper.cfbundle; includeInIndex = 0; path = ClevoControl.kext; sourceTree = BUILT_PRODUCTS_DIR; };
		11A652431F39D78A002E8088 /* ClevoControl.hpp */ = {isa = PBXFileReference; lastKnownFileType = sourcecode.cpp.h; path = ClevoControl.hpp; sourceTree = "<group>"; };
		11A652451F39D78A002E8088 /* ClevoControl.cpp */ = {isa = PBXFileReference; lastKnownFileType = sourcecode.cpp.cpp; path = ClevoControl.cpp; sourceTree = "<group>"; };
		11A652471F39D78A002E8088 /* Info.plist */ = {isa = PBXFileReference; lastKnownFileType = text.plist.xml; path = Info.plist; sourceTree = "<group>"; };
		11A652511F3A1014002E8088 /* ClevoKBFanControl */ = {isa = PBXFileReference; explicitFileType = "compiled.mach-o.executable"; includeInIndex = 0; path = ClevoKBFanControl; sourceTree = BUILT_PRODUCTS_DIR; };
		11A652531F3A1014002E8088 /* main.cpp */ = {isa = PBXFileReference; lastKnownFileType = sourcecode.cpp.cpp; path = main.cpp; sourceTree = "<group>"; };
		11A652581F3A15E6002E8088 /* args.hxx */ = {isa = PBXFileReference; fileEncoding = 4; lastKnownFileType = sourcecode.cpp.h; path = args.hxx; sourceTree = "<group>"; };
		11A652591F3A1E18002E8088 /* ECCtrl.h */ = {isa = PBXFileReference; fileEncoding = 4; lastKnownFileType = sourcecode.c.h; path = ECCtrl.h; sourceTree = "<group>"; };
/* End PBXFileReference section */

/* Begin PBXFrameworksBuildPhase section */
		11A6523C1F39D78A002E8088 /* Frameworks */ = {
			isa = PBXFrameworksBuildPhase;
			buildActionMask = 2147483647;
			files = (
			);
			runOnlyForDeploymentPostprocessing = 0;
		};
		11A6524E1F3A1014002E8088 /* Frameworks */ = {
			isa = PBXFrameworksBuildPhase;
			buildActionMask = 2147483647;
			files = (
			);
			runOnlyForDeploymentPostprocessing = 0;
		};
/* End PBXFrameworksBuildPhase section */

/* Begin PBXGroup section */
		11A652361F39D78A002E8088 = {
			isa = PBXGroup;
			children = (
				11A652591F3A1E18002E8088 /* ECCtrl.h */,
				11A652421F39D78A002E8088 /* ClevoControl */,
				11A652521F3A1014002E8088 /* ClevoKBFanControl */,
				11A652411F39D78A002E8088 /* Products */,
			);
			sourceTree = "<group>";
		};
		11A652411F39D78A002E8088 /* Products */ = {
			isa = PBXGroup;
			children = (
				11A652401F39D78A002E8088 /* ClevoControl.kext */,
				11A652511F3A1014002E8088 /* ClevoKBFanControl */,
			);
			name = Products;
			sourceTree = "<group>";
		};
		11A652421F39D78A002E8088 /* ClevoControl */ = {
			isa = PBXGroup;
			children = (
				11A652431F39D78A002E8088 /* ClevoControl.hpp */,
				11A652451F39D78A002E8088 /* ClevoControl.cpp */,
				11A652471F39D78A002E8088 /* Info.plist */,
			);
			path = ClevoControl;
			sourceTree = "<group>";
		};
		11A652521F3A1014002E8088 /* ClevoKBFanControl */ = {
			isa = PBXGroup;
			children = (
				11A652531F3A1014002E8088 /* main.cpp */,
				11A652581F3A15E6002E8088 /* args.hxx */,
			);
			path = ClevoKBFanControl;
			sourceTree = "<group>";
		};
/* End PBXGroup section */

/* Begin PBXHeadersBuildPhase section */
		11A6523D1F39D78A002E8088 /* Headers */ = {
			isa = PBXHeadersBuildPhase;
			buildActionMask = 2147483647;
			files = (
				11A652441F39D78A002E8088 /* ClevoControl.hpp in Headers */,
				11A6525A1F3A1E18002E8088 /* ECCtrl.h in Headers */,
			);
			runOnlyForDeploymentPostprocessing = 0;
		};
/* End PBXHeadersBuildPhase section */

/* Begin PBXNativeTarget section */
		11A6523F1F39D78A002E8088 /* ClevoControl */ = {
			isa = PBXNativeTarget;
			buildConfigurationList = 11A6524A1F39D78A002E8088 /* Build configuration list for PBXNativeTarget "ClevoControl" */;
			buildPhases = (
				11A6523B1F39D78A002E8088 /* Sources */,
				11A6523C1F39D78A002E8088 /* Frameworks */,
				11A6523D1F39D78A002E8088 /* Headers */,
				11A6523E1F39D78A002E8088 /* Resources */,
			);
			buildRules = (
			);
			dependencies = (
			);
			name = ClevoControl;
			productName = ClevoControl;
			productReference = 11A652401F39D78A002E8088 /* ClevoControl.kext */;
			productType = "com.apple.product-type.kernel-extension";
		};
		11A652501F3A1014002E8088 /* ClevoKBFanControl */ = {
			isa = PBXNativeTarget;
			buildConfigurationList = 11A652571F3A1014002E8088 /* Build configuration list for PBXNativeTarget "ClevoKBFanControl" */;
			buildPhases = (
				11A6524D1F3A1014002E8088 /* Sources */,
				11A6524E1F3A1014002E8088 /* Frameworks */,
				11A6524F1F3A1014002E8088 /* CopyFiles */,
			);
			buildRules = (
			);
			dependencies = (
			);
			name = ClevoKBFanControl;
			productName = ClevoKBFanControl;
			productReference = 11A652511F3A1014002E8088 /* ClevoKBFanControl */;
			productType = "com.apple.product-type.tool";
		};
/* End PBXNativeTarget section */

/* Begin PBXProject section */
		11A652371F39D78A002E8088 /* Project object */ = {
			isa = PBXProject;
			attributes = {
				LastUpgradeCheck = 0830;
				ORGANIZATIONNAME = datasone;
				TargetAttributes = {
					11A6523F1F39D78A002E8088 = {
						CreatedOnToolsVersion = 8.3.3;
						ProvisioningStyle = Automatic;
					};
					11A652501F3A1014002E8088 = {
						CreatedOnToolsVersion = 8.3.3;
						ProvisioningStyle = Automatic;
					};
				};
			};
			buildConfigurationList = 11A6523A1F39D78A002E8088 /* Build configuration list for PBXProject "ClevoControl" */;
			compatibilityVersion = "Xcode 3.2";
			developmentRegion = English;
			hasScannedForEncodings = 0;
			knownRegions = (
				en,
			);
			mainGroup = 11A652361F39D78A002E8088;
			productRefGroup = 11A652411F39D78A002E8088 /* Products */;
			projectDirPath = "";
			projectRoot = "";
			targets = (
				11A6523F1F39D78A002E8088 /* ClevoControl */,
				11A652501F3A1014002E8088 /* ClevoKBFanControl */,
			);
		};
/* End PBXProject section */

/* Begin PBXResourcesBuildPhase section */
		11A6523E1F39D78A002E8088 /* Resources */ = {
			isa = PBXResourcesBuildPhase;
			buildActionMask = 2147483647;
			files = (
			);
			runOnlyForDeploymentPostprocessing = 0;
		};
/* End PBXResourcesBuildPhase section */

/* Begin PBXSourcesBuildPhase section */
		11A6523B1F39D78A002E8088 /* Sources */ = {
			isa = PBXSourcesBuildPhase;
			buildActionMask = 2147483647;
			files = (
				11A652461F39D78A002E8088 /* ClevoControl.cpp in Sources */,
			);
			runOnlyForDeploymentPostprocessing = 0;
		};
		11A6524D1F3A1014002E8088 /* Sources */ = {
			isa = PBXSourcesBuildPhase;
			buildActionMask = 2147483647;
			files = (
				11A652541F3A1014002E8088 /* main.cpp in Sources */,
			);
			runOnlyForDeploymentPostprocessing = 0;
		};
/* End PBXSourcesBuildPhase section */

/* Begin XCBuildConfiguration section */
		11A652481F39D78A002E8088 /* Debug */ = {
			isa = XCBuildConfiguration;
			buildSettings = {
				ALWAYS_SEARCH_USER_PATHS = NO;
				CLANG_ANALYZER_NONNULL = YES;
				CLANG_ANALYZER_NUMBER_OBJECT_CONVERSION = YES_AGGRESSIVE;
				CLANG_CXX_LANGUAGE_STANDARD = "gnu++0x";
				CLANG_CXX_LIBRARY = "libc++";
				CLANG_ENABLE_MODULES = YES;
				CLANG_ENABLE_OBJC_ARC = YES;
				CLANG_WARN_BOOL_CONVERSION = YES;
				CLANG_WARN_CONSTANT_CONVERSION = YES;
				CLANG_WARN_DIRECT_OBJC_ISA_USAGE = YES_ERROR;
				CLANG_WARN_DOCUMENTATION_COMMENTS = YES;
				CLANG_WARN_EMPTY_BODY = YES;
				CLANG_WARN_ENUM_CONVERSION = YES;
				CLANG_WARN_INFINITE_RECURSION = YES;
				CLANG_WARN_INT_CONVERSION = YES;
				CLANG_WARN_OBJC_ROOT_CLASS = YES_ERROR;
				CLANG_WARN_SUSPICIOUS_MOVE = YES;
				CLANG_WARN_UNREACHABLE_CODE = YES;
				CLANG_WARN__DUPLICATE_METHOD_MATCH = YES;
				CODE_SIGN_IDENTITY = "-";
				COPY_PHASE_STRIP = NO;
				DEBUG_INFORMATION_FORMAT = dwarf;
				ENABLE_STRICT_OBJC_MSGSEND = YES;
				ENABLE_TESTABILITY = YES;
				GCC_C_LANGUAGE_STANDARD = gnu99;
				GCC_DYNAMIC_NO_PIC = NO;
				GCC_NO_COMMON_BLOCKS = YES;
				GCC_OPTIMIZATION_LEVEL = 0;
				GCC_PREPROCESSOR_DEFINITIONS = (
					"DEBUG=1",
					"$(inherited)",
				);
				GCC_WARN_64_TO_32_BIT_CONVERSION = YES;
				GCC_WARN_ABOUT_RETURN_TYPE = YES_ERROR;
				GCC_WARN_UNDECLARED_SELECTOR = YES;
				GCC_WARN_UNINITIALIZED_AUTOS = YES_AGGRESSIVE;
				GCC_WARN_UNUSED_FUNCTION = YES;
				GCC_WARN_UNUSED_VARIABLE = YES;
				MACOSX_DEPLOYMENT_TARGET = 10.13;
				MTL_ENABLE_DEBUG_INFO = YES;
				ONLY_ACTIVE_ARCH = YES;
				SDKROOT = macosx;
			};
			name = Debug;
		};
		11A652491F39D78A002E8088 /* Release */ = {
			isa = XCBuildConfiguration;
			buildSettings = {
				ALWAYS_SEARCH_USER_PATHS = NO;
				CLANG_ANALYZER_NONNULL = YES;
				CLANG_ANALYZER_NUMBER_OBJECT_CONVERSION = YES_AGGRESSIVE;
				CLANG_CXX_LANGUAGE_STANDARD = "gnu++0x";
				CLANG_CXX_LIBRARY = "libc++";
				CLANG_ENABLE_MODULES = YES;
				CLANG_ENABLE_OBJC_ARC = YES;
				CLANG_WARN_BOOL_CONVERSION = YES;
				CLANG_WARN_CONSTANT_CONVERSION = YES;
				CLANG_WARN_DIRECT_OBJC_ISA_USAGE = YES_ERROR;
				CLANG_WARN_DOCUMENTATION_COMMENTS = YES;
				CLANG_WARN_EMPTY_BODY = YES;
				CLANG_WARN_ENUM_CONVERSION = YES;
				CLANG_WARN_INFINITE_RECURSION = YES;
				CLANG_WARN_INT_CONVERSION = YES;
				CLANG_WARN_OBJC_ROOT_CLASS = YES_ERROR;
				CLANG_WARN_SUSPICIOUS_MOVE = YES;
				CLANG_WARN_UNREACHABLE_CODE = YES;
				CLANG_WARN__DUPLICATE_METHOD_MATCH = YES;
				CODE_SIGN_IDENTITY = "-";
				COPY_PHASE_STRIP = NO;
				DEBUG_INFORMATION_FORMAT = "dwarf-with-dsym";
				ENABLE_NS_ASSERTIONS = NO;
				ENABLE_STRICT_OBJC_MSGSEND = YES;
				GCC_C_LANGUAGE_STANDARD = gnu99;
				GCC_NO_COMMON_BLOCKS = YES;
				GCC_WARN_64_TO_32_BIT_CONVERSION = YES;
				GCC_WARN_ABOUT_RETURN_TYPE = YES_ERROR;
				GCC_WARN_UNDECLARED_SELECTOR = YES;
				GCC_WARN_UNINITIALIZED_AUTOS = YES_AGGRESSIVE;
				GCC_WARN_UNUSED_FUNCTION = YES;
				GCC_WARN_UNUSED_VARIABLE = YES;
				MACOSX_DEPLOYMENT_TARGET = 10.13;
				MTL_ENABLE_DEBUG_INFO = NO;
				SDKROOT = macosx;
			};
			name = Release;
		};
		11A6524B1F39D78A002E8088 /* Debug */ = {
			isa = XCBuildConfiguration;
			buildSettings = {
				COMBINE_HIDPI_IMAGES = YES;
				CURRENT_PROJECT_VERSION = 1.0.0d1;
				INFOPLIST_FILE = ClevoControl/Info.plist;
				MACOSX_DEPLOYMENT_TARGET = 10.12;
				MODULE_NAME = moe.datasone.ClevoControl;
				MODULE_VERSION = 1.0.0d1;
				PRODUCT_BUNDLE_IDENTIFIER = moe.datasone.ClevoControl;
				PRODUCT_NAME = "$(TARGET_NAME)";
				WRAPPER_EXTENSION = kext;
			};
			name = Debug;
		};
		11A6524C1F39D78A002E8088 /* Release */ = {
			isa = XCBuildConfiguration;
			buildSettings = {
				COMBINE_HIDPI_IMAGES = YES;
				CURRENT_PROJECT_VERSION = 1.0.0d1;
				INFOPLIST_FILE = ClevoControl/Info.plist;
				MACOSX_DEPLOYMENT_TARGET = 10.12;
				MODULE_NAME = moe.datasone.ClevoControl;
				MODULE_VERSION = 1.0.0d1;
				PRODUCT_BUNDLE_IDENTIFIER = moe.datasone.ClevoControl;
				PRODUCT_NAME = "$(TARGET_NAME)";
				WRAPPER_EXTENSION = kext;
			};
			name = Release;
		};
		11A652551F3A1014002E8088 /* Debug */ = {
			isa = XCBuildConfiguration;
			buildSettings = {
				HEADER_SEARCH_PATHS = "";
				PRODUCT_NAME = "$(TARGET_NAME)";
			};
			name = Debug;
		};
		11A652561F3A1014002E8088 /* Release */ = {
			isa = XCBuildConfiguration;
			buildSettings = {
				HEADER_SEARCH_PATHS = "";
				PRODUCT_NAME = "$(TARGET_NAME)";
			};
			name = Release;
		};
/* End XCBuildConfiguration section */

/* Begin XCConfigurationList section */
		11A6523A1F39D78A002E8088 /* Build configuration list for PBXProject "ClevoControl" */ = {
			isa = XCConfigurationList;
			buildConfigurations = (
				11A652481F39D78A002E8088 /* Debug */,
				11A652491F39D78A002E8088 /* Release */,
			);
			defaultConfigurationIsVisible = 0;
			defaultConfigurationName = Release;
		};
		11A6524A1F39D78A002E8088 /* Build configuration list for PBXNativeTarget "ClevoControl" */ = {
			isa = XCConfigurationList;
			buildConfigurations = (
				11A6524B1F39D78A002E8088 /* Debug */,
				11A6524C1F39D78A002E8088 /* Release */,
			);
			defaultConfigurationIsVisible = 0;
			defaultConfigurationName = Release;
		};
		11A652571F3A1014002E8088 /* Build configuration list for PBXNativeTarget "ClevoKBFanControl" */ = {
			isa = XCConfigurationList;
			buildConfigurations = (
				11A652551F3A1014002E8088 /* Debug */,
				11A652561F3A1014002E8088 /* Release */,
			);
			defaultConfigurationIsVisible = 0;
			defaultConfigurationName = Release;
		};
/* End XCConfigurationList section */
	};
	rootObject = 11A652371F39D78A002E8088 /* Project object */;
}
